<?xml version="1.0" encoding="utf-8"?>
<Project ToolsVersion="4.0" xmlns="http://schemas.microsoft.com/developer/msbuild/2003">
  <ItemGroup>
    <Filter Include="源文件">
      <UniqueIdentifier>{4FC737F1-C7A5-4376-A066-2A32D752A2FF}</UniqueIdentifier>
      <Extensions>cpp;c;cc;cxx;c++;cppm;ixx;def;odl;idl;hpj;bat;asm;asmx</Extensions>
    </Filter>
    <Filter Include="头文件">
      <UniqueIdentifier>{93995380-89BD-4b04-88EB-625FBE52EBFB}</UniqueIdentifier>
      <Extensions>h;hh;hpp;hxx;h++;hm;inl;inc;ipp;xsd</Extensions>
    </Filter>
    <Filter Include="资源文件">
      <UniqueIdentifier>{67DA6AB6-F800-4c08-8B7A-83BB121AAD01}</UniqueIdentifier>
      <Extensions>rc;ico;cur;bmp;dlg;rc2;rct;bin;rgs;gif;jpg;jpeg;jpe;resx;tiff;tif;png;wav;mfcribbon-ms</Extensions>
    </Filter>
    <Filter Include="源文件\Utility">
      <UniqueIdentifier>{92796525-d992-4cf6-83b1-49110e9abae8}</UniqueIdentifier>
    </Filter>
    <Filter Include="头文件\Utility">
      <UniqueIdentifier>{f048e1d6-49ab-4914-b1cc-4d7ee9720642}</UniqueIdentifier>
    </Filter>
  </ItemGroup>
  <ItemGroup>
    <ClInclude Include="dcagent.h">
      <Filter>头文件</Filter>
    </ClInclude>
    <ClInclude Include="DcAgentDlg.h">
      <Filter>头文件</Filter>
    </ClInclude>
    <ClInclude Include="framework.h">
      <Filter>头文件</Filter>
    </ClInclude>
    <ClInclude Include="targetver.h">
      <Filter>头文件</Filter>
    </ClInclude>
    <ClInclude Include="Resource.h">
      <Filter>头文件</Filter>
    </ClInclude>
    <ClInclude Include="pch.h">
      <Filter>头文件</Filter>
    </ClInclude>
    <ClInclude Include="RecvDataThread.h">
      <Filter>头文件</Filter>
    </ClInclude>
    <ClInclude Include="CollectDataThread.h">
      <Filter>头文件</Filter>
    </ClInclude>
    <ClInclude Include="Utility\LogBuffer.h">
      <Filter>头文件\Utility</Filter>
    </ClInclude>
    <ClInclude Include="Utility\LogMacro.h">
      <Filter>头文件\Utility</Filter>
    </ClInclude>
    <ClInclude Include="Utility\LogUtil.h">
      <Filter>头文件\Utility</Filter>
    </ClInclude>
    <ClInclude Include="Utility\ImCharset.h">
      <Filter>头文件\Utility</Filter>
    </ClInclude>
    <ClInclude Include="Utility\ImPath.h">
      <Filter>头文件\Utility</Filter>
    </ClInclude>
    <ClInclude Include="Utility\IcrCriticalSection.h">
      <Filter>头文件\Utility</Filter>
    </ClInclude>
    <ClInclude Include="SettingManager.h">
      <Filter>头文件</Filter>
    </ClInclude>
    <ClInclude Include="DcAgentSocket.h">
      <Filter>头文件</Filter>
    </ClInclude>
    <ClInclude Include="SchedulePolicy.h">
      <Filter>头文件</Filter>
    </ClInclude>
    <ClInclude Include="PerfData.h">
      <Filter>头文件</Filter>
    </ClInclude>
    <ClInclude Include="Utility\DumpUtil.h">
      <Filter>头文件\Utility</Filter>
    </ClInclude>
  </ItemGroup>
  <ItemGroup>
    <ClCompile Include="dcagent.cpp">
      <Filter>源文件</Filter>
    </ClCompile>
    <ClCompile Include="DcAgentDlg.cpp">
      <Filter>源文件</Filter>
    </ClCompile>
    <ClCompile Include="pch.cpp">
      <Filter>源文件</Filter>
    </ClCompile>
    <ClCompile Include="RecvDataThread.cpp">
      <Filter>源文件</Filter>
    </ClCompile>
    <ClCompile Include="CollectDataThread.cpp">
      <Filter>源文件</Filter>
    </ClCompile>
    <ClCompile Include="Utility\LogBuffer.cpp">
      <Filter>源文件\Utility</Filter>
    </ClCompile>
    <ClCompile Include="Utility\LogUtil.cpp">
      <Filter>源文件\Utility</Filter>
    </ClCompile>
    <ClCompile Include="Utility\ImCharset.cpp">
      <Filter>源文件\Utility</Filter>
    </ClCompile>
    <ClCompile Include="Utility\ImPath.cpp">
      <Filter>源文件\Utility</Filter>
    </ClCompile>
    <ClCompile Include="Utility\IcrCriticalSection.cpp">
      <Filter>源文件\Utility</Filter>
    </ClCompile>
    <ClCompile Include="SettingManager.cpp">
      <Filter>源文件</Filter>
    </ClCompile>
    <ClCompile Include="DcAgentSocket.cpp">
      <Filter>源文件</Filter>
    </ClCompile>
    <ClCompile Include="PerfData.cpp">
      <Filter>源文件</Filter>
    </ClCompile>
    <ClCompile Include="Utility\DumpUtil.cpp">
      <Filter>源文件\Utility</Filter>
    </ClCompile>
  </ItemGroup>
  <ItemGroup>
    <ResourceCompile Include="dcagent.rc">
      <Filter>资源文件</Filter>
    </ResourceCompile>
  </ItemGroup>
  <ItemGroup>
    <None Include="res\dcagent.rc2">
      <Filter>资源文件</Filter>
    </None>
  </ItemGroup>
  <ItemGroup>
    <Image Include="res\dcagent.ico">
      <Filter>资源文件</Filter>
    </Image>
  </ItemGroup>
</Project>